
Microsoft Visual Studio Solution File, Format Version 11.00
# Visual Studio 2010
Project("{8BC9CEB8-8B4A-11D0-8D11-00A0C91BC942}") = "CTP期货交易系统_旗舰版", "CTP期货交易系统_旗舰版\CTP期货交易系统_旗舰版.vcxproj", "{007DC2AF-767C-433A-B0EA-BE52FF0F283B}"
EndProject
Global
	GlobalSection(SolutionConfigurationPlatforms) = preSolution
		Debug|Win32 = Debug|Win32
		Release|Win32 = Release|Win32
	EndGlobalSection
	GlobalSection(ProjectConfigurationPlatforms) = postSolution
		{007DC2AF-767C-433A-B0EA-BE52FF0F283B}.Debug|Win32.ActiveCfg = Debug|Win32
		{007DC2AF-767C-433A-B0EA-BE52FF0F283B}.Debug|Win32.Build.0 = Debug|Win32
		{007DC2AF-767C-433A-B0EA-BE52FF0F283B}.Release|Win32.ActiveCfg = Release|Win32
		{007DC2AF-767C-433A-B0EA-BE52FF0F283B}.Release|Win32.Build.0 = Release|Win32
	EndGlobalSection
	GlobalSection(SolutionProperties) = preSolution
		HideSolutionNode = FALSE
	EndGlobalSection
EndGlobal
